
Microsoft Visual Studio Solution File, Format Version 12.00
# Visual Studio Version 16
VisualStudioVersion = 16.0.32428.217
MinimumVisualStudioVersion = 10.0.40219.1
Project("{FAE04EC0-301F-11D3-BF4B-00C04F79EFBC}") = "ConsoleTestMora", "ConsoleTestMora\ConsoleTestMora.csproj", "{8406E961-BC2B-4ABB-9045-8EA072DDBA8D}"
EndProject
Project("{FAE04EC0-301F-11D3-BF4B-00C04F79EFBC}") = "ConsoleAppRefactorizaciones", "ConsoleAppRefactorizaciones\ConsoleAppRefactorizaciones.csproj", "{BE881575-1ED2-472E-B7D8-351693C0456B}"
EndProject
Global
	GlobalSection(SolutionConfigurationPlatforms) = preSolution
		Debug|Any CPU = Debug|Any CPU
		Release|Any CPU = Release|Any CPU
	EndGlobalSection
	GlobalSection(ProjectConfigurationPlatforms) = postSolution
		{8406E961-BC2B-4ABB-9045-8EA072DDBA8D}.Debug|Any CPU.ActiveCfg = Debug|Any CPU
		{8406E961-BC2B-4ABB-9045-8EA072DDBA8D}.Debug|Any CPU.Build.0 = Debug|Any CPU
		{8406E961-BC2B-4ABB-9045-8EA072DDBA8D}.Release|Any CPU.ActiveCfg = Release|Any CPU
		{8406E961-BC2B-4ABB-9045-8EA072DDBA8D}.Release|Any CPU.Build.0 = Release|Any CPU
		{BE881575-1ED2-472E-B7D8-351693C0456B}.Debug|Any CPU.ActiveCfg = Debug|Any CPU
		{BE881575-1ED2-472E-B7D8-351693C0456B}.Debug|Any CPU.Build.0 = Debug|Any CPU
		{BE881575-1ED2-472E-B7D8-351693C0456B}.Release|Any CPU.ActiveCfg = Release|Any CPU
		{BE881575-1ED2-472E-B7D8-351693C0456B}.Release|Any CPU.Build.0 = Release|Any CPU
	EndGlobalSection
	GlobalSection(SolutionProperties) = preSolution
		HideSolutionNode = FALSE
	EndGlobalSection
	GlobalSection(ExtensibilityGlobals) = postSolution
		SolutionGuid = {75B928F0-63ED-4DA3-9986-303CDF3C7504}
	EndGlobalSection
EndGlobal
